
Microsoft Visual Studio Solution File, Format Version 12.00
# Visual Studio Version 17
VisualStudioVersion = 17.6.33815.320
MinimumVisualStudioVersion = 10.0.40219.1
Project("{FAE04EC0-301F-11D3-BF4B-00C04F79EFBC}") = "P4h-Saude-Site", "P4h-Saude-Site\P4h-Saude-Site.csproj", "{ED4CC35E-274C-47D1-9A0B-E7D2A9DCADCA}"
EndProject
Global
	GlobalSection(SolutionConfigurationPlatforms) = preSolution
		Debug|Any CPU = Debug|Any CPU
		Release|Any CPU = Release|Any CPU
	EndGlobalSection
	GlobalSection(ProjectConfigurationPlatforms) = postSolution
		{ED4CC35E-274C-47D1-9A0B-E7D2A9DCADCA}.Debug|Any CPU.ActiveCfg = Debug|Any CPU
		{ED4CC35E-274C-47D1-9A0B-E7D2A9DCADCA}.Debug|Any CPU.Build.0 = Debug|Any CPU
		{ED4CC35E-274C-47D1-9A0B-E7D2A9DCADCA}.Release|Any CPU.ActiveCfg = Release|Any CPU
		{ED4CC35E-274C-47D1-9A0B-E7D2A9DCADCA}.Release|Any CPU.Build.0 = Release|Any CPU
	EndGlobalSection
	GlobalSection(SolutionProperties) = preSolution
		HideSolutionNode = FALSE
	EndGlobalSection
	GlobalSection(ExtensibilityGlobals) = postSolution
		SolutionGuid = {7BB31A24-4C35-4422-9F31-5D0B068EEB8B}
	EndGlobalSection
EndGlobal
